
Microsoft Visual Studio Solution File, Format Version 12.00
# Visual Studio 14
VisualStudioVersion = 14.0.22129.1
MinimumVisualStudioVersion = 10.0.40219.1
Project("{FAE04EC0-301F-11D3-BF4B-00C04F79EFBC}") = "EventHandlerLogging", "EventHandlerLogging\EventHandlerLogging.csproj", "{3950D1CA-D8D3-484D-857F-8474402397F3}"
EndProject
Project("{FAE04EC0-301F-11D3-BF4B-00C04F79EFBC}") = "FP.PostSharpSamples.DAL", "FP.PostSharpSamples.DAL\FP.PostSharpSamples.DAL.csproj", "{6FDD0668-41EE-4AF6-92BA-ABBEC4DBBC4D}"
EndProject
Project("{FAE04EC0-301F-11D3-BF4B-00C04F79EFBC}") = "FP.PostSharpSamples.UI.Business", "FP.PostSharpSamples.UI.Business\FP.PostSharpSamples.UI.Business.csproj", "{C2544E35-A2AE-49A2-A907-C01BB9F8DE58}"
EndProject
Global
	GlobalSection(SolutionConfigurationPlatforms) = preSolution
		Debug|Any CPU = Debug|Any CPU
		Release|Any CPU = Release|Any CPU
	EndGlobalSection
	GlobalSection(ProjectConfigurationPlatforms) = postSolution
		{3950D1CA-D8D3-484D-857F-8474402397F3}.Debug|Any CPU.ActiveCfg = Debug|Any CPU
		{3950D1CA-D8D3-484D-857F-8474402397F3}.Debug|Any CPU.Build.0 = Debug|Any CPU
		{3950D1CA-D8D3-484D-857F-8474402397F3}.Release|Any CPU.ActiveCfg = Release|Any CPU
		{3950D1CA-D8D3-484D-857F-8474402397F3}.Release|Any CPU.Build.0 = Release|Any CPU
		{6FDD0668-41EE-4AF6-92BA-ABBEC4DBBC4D}.Debug|Any CPU.ActiveCfg = Debug|Any CPU
		{6FDD0668-41EE-4AF6-92BA-ABBEC4DBBC4D}.Debug|Any CPU.Build.0 = Debug|Any CPU
		{6FDD0668-41EE-4AF6-92BA-ABBEC4DBBC4D}.Release|Any CPU.ActiveCfg = Release|Any CPU
		{6FDD0668-41EE-4AF6-92BA-ABBEC4DBBC4D}.Release|Any CPU.Build.0 = Release|Any CPU
		{C2544E35-A2AE-49A2-A907-C01BB9F8DE58}.Debug|Any CPU.ActiveCfg = Debug|Any CPU
		{C2544E35-A2AE-49A2-A907-C01BB9F8DE58}.Debug|Any CPU.Build.0 = Debug|Any CPU
		{C2544E35-A2AE-49A2-A907-C01BB9F8DE58}.Release|Any CPU.ActiveCfg = Release|Any CPU
		{C2544E35-A2AE-49A2-A907-C01BB9F8DE58}.Release|Any CPU.Build.0 = Release|Any CPU
	EndGlobalSection
	GlobalSection(SolutionProperties) = preSolution
		HideSolutionNode = FALSE
	EndGlobalSection
EndGlobal
