
Microsoft Visual Studio Solution File, Format Version 12.00
# Visual Studio 14
VisualStudioVersion = 14.0.22129.1
MinimumVisualStudioVersion = 10.0.40219.1
Project("{FAE04EC0-301F-11D3-BF4B-00C04F79EFBC}") = "DurationLogging", "DurationLogging\DurationLogging.csproj", "{AA2CDA4A-AF4D-4DA3-A901-1193CF30567B}"
EndProject
Project("{FAE04EC0-301F-11D3-BF4B-00C04F79EFBC}") = "FP.PostSharpSamples.DAL", "FP.PostSharpSamples.DAL\FP.PostSharpSamples.DAL.csproj", "{AA576A0F-F4F6-4056-BBE5-4DC85E798D96}"
EndProject
Global
	GlobalSection(SolutionConfigurationPlatforms) = preSolution
		Debug|Any CPU = Debug|Any CPU
		Release|Any CPU = Release|Any CPU
	EndGlobalSection
	GlobalSection(ProjectConfigurationPlatforms) = postSolution
		{AA2CDA4A-AF4D-4DA3-A901-1193CF30567B}.Debug|Any CPU.ActiveCfg = Debug|Any CPU
		{AA2CDA4A-AF4D-4DA3-A901-1193CF30567B}.Debug|Any CPU.Build.0 = Debug|Any CPU
		{AA2CDA4A-AF4D-4DA3-A901-1193CF30567B}.Release|Any CPU.ActiveCfg = Release|Any CPU
		{AA2CDA4A-AF4D-4DA3-A901-1193CF30567B}.Release|Any CPU.Build.0 = Release|Any CPU
		{AA576A0F-F4F6-4056-BBE5-4DC85E798D96}.Debug|Any CPU.ActiveCfg = Debug|Any CPU
		{AA576A0F-F4F6-4056-BBE5-4DC85E798D96}.Debug|Any CPU.Build.0 = Debug|Any CPU
		{AA576A0F-F4F6-4056-BBE5-4DC85E798D96}.Release|Any CPU.ActiveCfg = Release|Any CPU
		{AA576A0F-F4F6-4056-BBE5-4DC85E798D96}.Release|Any CPU.Build.0 = Release|Any CPU
	EndGlobalSection
	GlobalSection(SolutionProperties) = preSolution
		HideSolutionNode = FALSE
	EndGlobalSection
EndGlobal
